
Microsoft Visual Studio Solution File, Format Version 12.00
# Visual Studio 2013
VisualStudioVersion = 12.0.31101.0
MinimumVisualStudioVersion = 10.0.40219.1
Project("{FAE04EC0-301F-11D3-BF4B-00C04F79EFBC}") = "CommonWebsite", "CommonWebsite\CommonWebsite.csproj", "{B3D8166D-D0C0-458E-9CD0-6EC01D975155}"
EndProject
Project("{FAE04EC0-301F-11D3-BF4B-00C04F79EFBC}") = "CommonWebsite.Tests", "CommonWebsite.Tests\CommonWebsite.Tests.csproj", "{7B9919C7-0BA1-460D-AF19-C659DA62B40A}"
EndProject
Project("{FAE04EC0-301F-11D3-BF4B-00C04F79EFBC}") = "CommonWebsite.Data", "CommonWebsite.Data\CommonWebsite.Data.csproj", "{B85C13D3-68F8-4662-94EC-BB916FC29D40}"
EndProject
Project("{FAE04EC0-301F-11D3-BF4B-00C04F79EFBC}") = "CommonWebsiteService", "CommonWebsiteService\CommonWebsiteService.csproj", "{A77EDFB9-166D-46FD-B642-3B735ACEB07B}"
EndProject
Project("{FAE04EC0-301F-11D3-BF4B-00C04F79EFBC}") = "CommonWebsite.Infrastructure", "CommonWebsite.Infrastructure\CommonWebsite.Infrastructure.csproj", "{FEE71AA4-1E99-4DF9-B3E6-D534F4938B65}"
EndProject
Global
	GlobalSection(SolutionConfigurationPlatforms) = preSolution
		Debug|Any CPU = Debug|Any CPU
		Release|Any CPU = Release|Any CPU
	EndGlobalSection
	GlobalSection(ProjectConfigurationPlatforms) = postSolution
		{B3D8166D-D0C0-458E-9CD0-6EC01D975155}.Debug|Any CPU.ActiveCfg = Debug|Any CPU
		{B3D8166D-D0C0-458E-9CD0-6EC01D975155}.Debug|Any CPU.Build.0 = Debug|Any CPU
		{B3D8166D-D0C0-458E-9CD0-6EC01D975155}.Release|Any CPU.ActiveCfg = Release|Any CPU
		{B3D8166D-D0C0-458E-9CD0-6EC01D975155}.Release|Any CPU.Build.0 = Release|Any CPU
		{7B9919C7-0BA1-460D-AF19-C659DA62B40A}.Debug|Any CPU.ActiveCfg = Debug|Any CPU
		{7B9919C7-0BA1-460D-AF19-C659DA62B40A}.Debug|Any CPU.Build.0 = Debug|Any CPU
		{7B9919C7-0BA1-460D-AF19-C659DA62B40A}.Release|Any CPU.ActiveCfg = Release|Any CPU
		{7B9919C7-0BA1-460D-AF19-C659DA62B40A}.Release|Any CPU.Build.0 = Release|Any CPU
		{B85C13D3-68F8-4662-94EC-BB916FC29D40}.Debug|Any CPU.ActiveCfg = Debug|Any CPU
		{B85C13D3-68F8-4662-94EC-BB916FC29D40}.Debug|Any CPU.Build.0 = Debug|Any CPU
		{B85C13D3-68F8-4662-94EC-BB916FC29D40}.Release|Any CPU.ActiveCfg = Release|Any CPU
		{B85C13D3-68F8-4662-94EC-BB916FC29D40}.Release|Any CPU.Build.0 = Release|Any CPU
		{A77EDFB9-166D-46FD-B642-3B735ACEB07B}.Debug|Any CPU.ActiveCfg = Debug|Any CPU
		{A77EDFB9-166D-46FD-B642-3B735ACEB07B}.Debug|Any CPU.Build.0 = Debug|Any CPU
		{A77EDFB9-166D-46FD-B642-3B735ACEB07B}.Release|Any CPU.ActiveCfg = Release|Any CPU
		{A77EDFB9-166D-46FD-B642-3B735ACEB07B}.Release|Any CPU.Build.0 = Release|Any CPU
		{FEE71AA4-1E99-4DF9-B3E6-D534F4938B65}.Debug|Any CPU.ActiveCfg = Debug|Any CPU
		{FEE71AA4-1E99-4DF9-B3E6-D534F4938B65}.Debug|Any CPU.Build.0 = Debug|Any CPU
		{FEE71AA4-1E99-4DF9-B3E6-D534F4938B65}.Release|Any CPU.ActiveCfg = Release|Any CPU
		{FEE71AA4-1E99-4DF9-B3E6-D534F4938B65}.Release|Any CPU.Build.0 = Release|Any CPU
	EndGlobalSection
	GlobalSection(SolutionProperties) = preSolution
		HideSolutionNode = FALSE
	EndGlobalSection
	GlobalSection(ExtensibilityGlobals) = postSolution
		EnterpriseLibraryConfigurationToolBinariesPath = packages\Unity.2.1.505.2\lib\NET35
	EndGlobalSection
EndGlobal
